
Microsoft Visual Studio Solution File, Format Version 12.00
# Visual Studio Version 17
VisualStudioVersion = 17.3.32804.467
MinimumVisualStudioVersion = 10.0.40219.1
Project("{FAE04EC0-301F-11D3-BF4B-00C04F79EFBC}") = "RMDataManager", "RMDataManager\RMDataManager.csproj", "{336FA593-8A67-4D97-BA00-DD06CCA5A680}"
EndProject
Project("{00D1A9C2-B5F0-4AF3-8072-F6C62B433612}") = "RMData", "RMData\RMData.sqlproj", "{23A2D64D-4619-4194-ADF5-F20F6E4862F9}"
EndProject
Project("{FAE04EC0-301F-11D3-BF4B-00C04F79EFBC}") = "RMDesktopUI", "RMDesktopUI\RMDesktopUI.csproj", "{670B08DE-5383-42F6-846A-0F6D1B641208}"
EndProject
Project("{9A19103F-16F7-4668-BE54-9A1E7A4F7556}") = "RMDataManger.Library", "RMDataManger.Library\RMDataManger.Library.csproj", "{6C10FFA5-6C26-44FC-9A9B-40FC817242E4}"
EndProject
Project("{9A19103F-16F7-4668-BE54-9A1E7A4F7556}") = "RMDesktopUI.Library", "RMDesktopUI.Library\RMDesktopUI.Library.csproj", "{7BC42144-6ABB-45FA-A84B-38D9750E2B7C}"
EndProject
Project("{2150E333-8FDC-42A3-9474-1A3956D46DE8}") = "DataBase", "DataBase", "{62930829-9FCB-4670-9795-64419E4B580A}"
EndProject
Project("{2150E333-8FDC-42A3-9474-1A3956D46DE8}") = "API", "API", "{FF35180A-B7C5-434C-B0CB-3A75D9ADF8B6}"
EndProject
Project("{2150E333-8FDC-42A3-9474-1A3956D46DE8}") = "WPF", "WPF", "{27F2D9E9-9868-4204-8106-CEE5062CB7DB}"
EndProject
Project("{FAE04EC0-301F-11D3-BF4B-00C04F79EFBC}") = "RMApi", "RMApi\RMApi.csproj", "{5F991A20-28ED-44EC-BD8C-59A4ADAA7997}"
EndProject
Global
	GlobalSection(SolutionConfigurationPlatforms) = preSolution
		Debug|Any CPU = Debug|Any CPU
		Release|Any CPU = Release|Any CPU
	EndGlobalSection
	GlobalSection(ProjectConfigurationPlatforms) = postSolution
		{336FA593-8A67-4D97-BA00-DD06CCA5A680}.Debug|Any CPU.ActiveCfg = Debug|Any CPU
		{336FA593-8A67-4D97-BA00-DD06CCA5A680}.Debug|Any CPU.Build.0 = Debug|Any CPU
		{336FA593-8A67-4D97-BA00-DD06CCA5A680}.Release|Any CPU.ActiveCfg = Release|Any CPU
		{336FA593-8A67-4D97-BA00-DD06CCA5A680}.Release|Any CPU.Build.0 = Release|Any CPU
		{23A2D64D-4619-4194-ADF5-F20F6E4862F9}.Debug|Any CPU.ActiveCfg = Debug|Any CPU
		{23A2D64D-4619-4194-ADF5-F20F6E4862F9}.Debug|Any CPU.Build.0 = Debug|Any CPU
		{23A2D64D-4619-4194-ADF5-F20F6E4862F9}.Debug|Any CPU.Deploy.0 = Debug|Any CPU
		{23A2D64D-4619-4194-ADF5-F20F6E4862F9}.Release|Any CPU.ActiveCfg = Release|Any CPU
		{23A2D64D-4619-4194-ADF5-F20F6E4862F9}.Release|Any CPU.Build.0 = Release|Any CPU
		{23A2D64D-4619-4194-ADF5-F20F6E4862F9}.Release|Any CPU.Deploy.0 = Release|Any CPU
		{670B08DE-5383-42F6-846A-0F6D1B641208}.Debug|Any CPU.ActiveCfg = Debug|Any CPU
		{670B08DE-5383-42F6-846A-0F6D1B641208}.Debug|Any CPU.Build.0 = Debug|Any CPU
		{670B08DE-5383-42F6-846A-0F6D1B641208}.Release|Any CPU.ActiveCfg = Release|Any CPU
		{670B08DE-5383-42F6-846A-0F6D1B641208}.Release|Any CPU.Build.0 = Release|Any CPU
		{6C10FFA5-6C26-44FC-9A9B-40FC817242E4}.Debug|Any CPU.ActiveCfg = Debug|Any CPU
		{6C10FFA5-6C26-44FC-9A9B-40FC817242E4}.Debug|Any CPU.Build.0 = Debug|Any CPU
		{6C10FFA5-6C26-44FC-9A9B-40FC817242E4}.Release|Any CPU.ActiveCfg = Release|Any CPU
		{6C10FFA5-6C26-44FC-9A9B-40FC817242E4}.Release|Any CPU.Build.0 = Release|Any CPU
		{7BC42144-6ABB-45FA-A84B-38D9750E2B7C}.Debug|Any CPU.ActiveCfg = Debug|Any CPU
		{7BC42144-6ABB-45FA-A84B-38D9750E2B7C}.Debug|Any CPU.Build.0 = Debug|Any CPU
		{7BC42144-6ABB-45FA-A84B-38D9750E2B7C}.Release|Any CPU.ActiveCfg = Release|Any CPU
		{7BC42144-6ABB-45FA-A84B-38D9750E2B7C}.Release|Any CPU.Build.0 = Release|Any CPU
		{5F991A20-28ED-44EC-BD8C-59A4ADAA7997}.Debug|Any CPU.ActiveCfg = Debug|Any CPU
		{5F991A20-28ED-44EC-BD8C-59A4ADAA7997}.Debug|Any CPU.Build.0 = Debug|Any CPU
		{5F991A20-28ED-44EC-BD8C-59A4ADAA7997}.Release|Any CPU.ActiveCfg = Release|Any CPU
		{5F991A20-28ED-44EC-BD8C-59A4ADAA7997}.Release|Any CPU.Build.0 = Release|Any CPU
	EndGlobalSection
	GlobalSection(SolutionProperties) = preSolution
		HideSolutionNode = FALSE
	EndGlobalSection
	GlobalSection(NestedProjects) = preSolution
		{336FA593-8A67-4D97-BA00-DD06CCA5A680} = {FF35180A-B7C5-434C-B0CB-3A75D9ADF8B6}
		{23A2D64D-4619-4194-ADF5-F20F6E4862F9} = {62930829-9FCB-4670-9795-64419E4B580A}
		{670B08DE-5383-42F6-846A-0F6D1B641208} = {27F2D9E9-9868-4204-8106-CEE5062CB7DB}
		{6C10FFA5-6C26-44FC-9A9B-40FC817242E4} = {FF35180A-B7C5-434C-B0CB-3A75D9ADF8B6}
		{7BC42144-6ABB-45FA-A84B-38D9750E2B7C} = {27F2D9E9-9868-4204-8106-CEE5062CB7DB}
		{5F991A20-28ED-44EC-BD8C-59A4ADAA7997} = {FF35180A-B7C5-434C-B0CB-3A75D9ADF8B6}
	EndGlobalSection
	GlobalSection(ExtensibilityGlobals) = postSolution
		SolutionGuid = {172649D1-A5AE-4D92-B265-27BBD474FB96}
	EndGlobalSection
EndGlobal
